
Microsoft Visual Studio Solution File, Format Version 12.00
Project("{FAE04EC0-301F-11D3-BF4B-00C04F79EFBC}") = "Acme.Hello.Platform", "Acme.Hello.Platform\Acme.Hello.Platform.csproj", "{EB1BF777-362B-4195-915F-8B718A41DC11}"
EndProject
Global
	GlobalSection(SolutionConfigurationPlatforms) = preSolution
		Debug|Any CPU = Debug|Any CPU
		Release|Any CPU = Release|Any CPU
	EndGlobalSection
	GlobalSection(ProjectConfigurationPlatforms) = postSolution
		{EB1BF777-362B-4195-915F-8B718A41DC11}.Debug|Any CPU.ActiveCfg = Debug|Any CPU
		{EB1BF777-362B-4195-915F-8B718A41DC11}.Debug|Any CPU.Build.0 = Debug|Any CPU
		{EB1BF777-362B-4195-915F-8B718A41DC11}.Release|Any CPU.ActiveCfg = Release|Any CPU
		{EB1BF777-362B-4195-915F-8B718A41DC11}.Release|Any CPU.Build.0 = Release|Any CPU
	EndGlobalSection
EndGlobal
